
Microsoft Visual Studio Solution File, Format Version 12.00
# Visual Studio Version 17
VisualStudioVersion = 17.8.34330.188
MinimumVisualStudioVersion = 10.0.40219.1
Project("{FAE04EC0-301F-11D3-BF4B-00C04F79EFBC}") = "ImportData", "ImportData\ImportData.csproj", "{FFD13FDD-0BAF-4F91-AC34-A412231AD10A}"
EndProject
Global
	GlobalSection(SolutionConfigurationPlatforms) = preSolution
		Debug|Any CPU = Debug|Any CPU
		Release|Any CPU = Release|Any CPU
	EndGlobalSection
	GlobalSection(ProjectConfigurationPlatforms) = postSolution
		{FFD13FDD-0BAF-4F91-AC34-A412231AD10A}.Debug|Any CPU.ActiveCfg = Debug|Any CPU
		{FFD13FDD-0BAF-4F91-AC34-A412231AD10A}.Debug|Any CPU.Build.0 = Debug|Any CPU
		{FFD13FDD-0BAF-4F91-AC34-A412231AD10A}.Release|Any CPU.ActiveCfg = Release|Any CPU
		{FFD13FDD-0BAF-4F91-AC34-A412231AD10A}.Release|Any CPU.Build.0 = Release|Any CPU
	EndGlobalSection
	GlobalSection(SolutionProperties) = preSolution
		HideSolutionNode = FALSE
	EndGlobalSection
	GlobalSection(ExtensibilityGlobals) = postSolution
		SolutionGuid = {B8BA4ACE-CA64-4C62-BE3B-D1391C42237D}
	EndGlobalSection
EndGlobal
